
Microsoft Visual Studio Solution File, Format Version 12.00
# Visual Studio Version 17
VisualStudioVersion = 17.7.34202.233
MinimumVisualStudioVersion = 10.0.40219.1
Project("{FAE04EC0-301F-11D3-BF4B-00C04F79EFBC}") = "ESDnevnik2023A", "ESDnevnik2023A.csproj", "{E4064FBD-2C23-4D74-AC4A-29DA914F7965}"
EndProject
Global
	GlobalSection(SolutionConfigurationPlatforms) = preSolution
		Debug|Any CPU = Debug|Any CPU
		Release|Any CPU = Release|Any CPU
	EndGlobalSection
	GlobalSection(ProjectConfigurationPlatforms) = postSolution
		{E4064FBD-2C23-4D74-AC4A-29DA914F7965}.Debug|Any CPU.ActiveCfg = Debug|Any CPU
		{E4064FBD-2C23-4D74-AC4A-29DA914F7965}.Debug|Any CPU.Build.0 = Debug|Any CPU
		{E4064FBD-2C23-4D74-AC4A-29DA914F7965}.Release|Any CPU.ActiveCfg = Release|Any CPU
		{E4064FBD-2C23-4D74-AC4A-29DA914F7965}.Release|Any CPU.Build.0 = Release|Any CPU
	EndGlobalSection
	GlobalSection(SolutionProperties) = preSolution
		HideSolutionNode = FALSE
	EndGlobalSection
	GlobalSection(ExtensibilityGlobals) = postSolution
		SolutionGuid = {9549BF00-5168-41A7-8CCB-3D3F861DC83F}
	EndGlobalSection
EndGlobal
